
Microsoft Visual Studio Solution File, Format Version 12.00
# Visual Studio Version 16
VisualStudioVersion = 16.0.31321.278
MinimumVisualStudioVersion = 10.0.40219.1
Project("{FAE04EC0-301F-11D3-BF4B-00C04F79EFBC}") = "MqttPublisher", "MqttPublisher\MqttPublisher.csproj", "{53DB662C-CB5B-4C4E-9D45-029BC4BFEB5F}"
EndProject
Global
	GlobalSection(SolutionConfigurationPlatforms) = preSolution
		Debug|Any CPU = Debug|Any CPU
		Release|Any CPU = Release|Any CPU
	EndGlobalSection
	GlobalSection(ProjectConfigurationPlatforms) = postSolution
		{53DB662C-CB5B-4C4E-9D45-029BC4BFEB5F}.Debug|Any CPU.ActiveCfg = Debug|Any CPU
		{53DB662C-CB5B-4C4E-9D45-029BC4BFEB5F}.Debug|Any CPU.Build.0 = Debug|Any CPU
		{53DB662C-CB5B-4C4E-9D45-029BC4BFEB5F}.Release|Any CPU.ActiveCfg = Release|Any CPU
		{53DB662C-CB5B-4C4E-9D45-029BC4BFEB5F}.Release|Any CPU.Build.0 = Release|Any CPU
	EndGlobalSection
	GlobalSection(SolutionProperties) = preSolution
		HideSolutionNode = FALSE
	EndGlobalSection
	GlobalSection(ExtensibilityGlobals) = postSolution
		SolutionGuid = {6DFC08D9-62E9-49DE-B42D-7C87C4E3D5AF}
	EndGlobalSection
EndGlobal
